
Microsoft Visual Studio Solution File, Format Version 12.00
# Visual Studio Version 17
VisualStudioVersion = 17.4.33110.190
MinimumVisualStudioVersion = 10.0.40219.1
Project("{FAE04EC0-301F-11D3-BF4B-00C04F79EFBC}") = "api-ef-mysql-template", "F:\api-ef-mysql-template\api-ef-mysql-template\api-ef-mysql-template.csproj", "{562B2C6E-60D4-45CB-ABD1-1B399E8A9AA0}"
EndProject
Global
	GlobalSection(SolutionConfigurationPlatforms) = preSolution
		Debug|Any CPU = Debug|Any CPU
		Release|Any CPU = Release|Any CPU
	EndGlobalSection
	GlobalSection(ProjectConfigurationPlatforms) = postSolution
		{562B2C6E-60D4-45CB-ABD1-1B399E8A9AA0}.Debug|Any CPU.ActiveCfg = Debug|Any CPU
		{562B2C6E-60D4-45CB-ABD1-1B399E8A9AA0}.Debug|Any CPU.Build.0 = Debug|Any CPU
		{562B2C6E-60D4-45CB-ABD1-1B399E8A9AA0}.Release|Any CPU.ActiveCfg = Release|Any CPU
		{562B2C6E-60D4-45CB-ABD1-1B399E8A9AA0}.Release|Any CPU.Build.0 = Release|Any CPU
	EndGlobalSection
	GlobalSection(SolutionProperties) = preSolution
		HideSolutionNode = FALSE
	EndGlobalSection
	GlobalSection(ExtensibilityGlobals) = postSolution
		SolutionGuid = {98100204-3BAC-41BD-B696-BB45245B4B11}
	EndGlobalSection
EndGlobal
